
Microsoft Visual Studio Solution File, Format Version 12.00
# Visual Studio Version 17
VisualStudioVersion = 17.5.33516.290
MinimumVisualStudioVersion = 10.0.40219.1
Project("{FAE04EC0-301F-11D3-BF4B-00C04F79EFBC}") = "13.6.2", "13.6.2.csproj", "{0F961891-538D-4500-B516-693430605FBC}"
EndProject
Global
	GlobalSection(SolutionConfigurationPlatforms) = preSolution
		Debug|Any CPU = Debug|Any CPU
		Release|Any CPU = Release|Any CPU
	EndGlobalSection
	GlobalSection(ProjectConfigurationPlatforms) = postSolution
		{0F961891-538D-4500-B516-693430605FBC}.Debug|Any CPU.ActiveCfg = Debug|Any CPU
		{0F961891-538D-4500-B516-693430605FBC}.Debug|Any CPU.Build.0 = Debug|Any CPU
		{0F961891-538D-4500-B516-693430605FBC}.Release|Any CPU.ActiveCfg = Release|Any CPU
		{0F961891-538D-4500-B516-693430605FBC}.Release|Any CPU.Build.0 = Release|Any CPU
	EndGlobalSection
	GlobalSection(SolutionProperties) = preSolution
		HideSolutionNode = FALSE
	EndGlobalSection
	GlobalSection(ExtensibilityGlobals) = postSolution
		SolutionGuid = {B5FCB222-8EF8-4627-8CB6-A9B4F8B9C8DE}
	EndGlobalSection
EndGlobal
